// !$*UTF8*$!
{
	archiveVersion = 1;
	classes = {
	};
	objectVersion = 56;
	objects = {

/* Begin PBXBuildFile section */
		F431B6602B34003800FB8330 /* Learn_by_DoingApp.swift in Sources */ = {isa = PBXBuildFile; fileRef = F431B65F2B34003800FB8330 /* Learn_by_DoingApp.swift */; };
		F431B6622B34003800FB8330 /* ContentView.swift in Sources */ = {isa = PBXBuildFile; fileRef = F431B6612B34003800FB8330 /* ContentView.swift */; };
		F431B6642B34003A00FB8330 /* Assets.xcassets in Resources */ = {isa = PBXBuildFile; fileRef = F431B6632B34003A00FB8330 /* Assets.xcassets */; };
		F431B6672B34003A00FB8330 /* Preview Assets.xcassets in Resources */ = {isa = PBXBuildFile; fileRef = F431B6662B34003A00FB8330 /* Preview Assets.xcassets */; };
		F431B6702B34038600FB8330 /* CardView.swift in Sources */ = {isa = PBXBuildFile; fileRef = F431B66F2B34038600FB8330 /* CardView.swift */; };
		F431B6732B34088000FB8330 /* CardModel.swift in Sources */ = {isa = PBXBuildFile; fileRef = F431B6722B34088000FB8330 /* CardModel.swift */; };
		F431B6752B3408FD00FB8330 /* CardData.swift in Sources */ = {isa = PBXBuildFile; fileRef = F431B6742B3408FD00FB8330 /* CardData.swift */; };
		F431B6792B340C1400FB8330 /* sound-chime.mp3 in Resources */ = {isa = PBXBuildFile; fileRef = F431B6782B340C1400FB8330 /* sound-chime.mp3 */; };
		F431B67C2B340C3600FB8330 /* PlaySound.swift in Sources */ = {isa = PBXBuildFile; fileRef = F431B67B2B340C3600FB8330 /* PlaySound.swift */; };
		F431B6822B3410B600FB8330 /* Stickers.xcassets in Resources */ = {isa = PBXBuildFile; fileRef = F431B6812B3410B600FB8330 /* Stickers.xcassets */; };
		F431B6862B3410B600FB8330 /* stickers.appex in Embed Foundation Extensions */ = {isa = PBXBuildFile; fileRef = F431B67F2B3410B400FB8330 /* stickers.appex */; settings = {ATTRIBUTES = (RemoveHeadersOnCopy, ); }; };
/* End PBXBuildFile section */

/* Begin PBXContainerItemProxy section */
		F431B6842B3410B600FB8330 /* PBXContainerItemProxy */ = {
			isa = PBXContainerItemProxy;
			containerPortal = F431B6542B34003800FB8330 /* Project object */;
			proxyType = 1;
			remoteGlobalIDString = F431B67E2B3410B400FB8330;
			remoteInfo = stickers;
		};
/* End PBXContainerItemProxy section */

/* Begin PBXCopyFilesBuildPhase section */
		F431B68A2B3410B600FB8330 /* Embed Foundation Extensions */ = {
			isa = PBXCopyFilesBuildPhase;
			buildActionMask = 2147483647;
			dstPath = "";
			dstSubfolderSpec = 13;
			files = (
				F431B6862B3410B600FB8330 /* stickers.appex in Embed Foundation Extensions */,
			);
			name = "Embed Foundation Extensions";
			runOnlyForDeploymentPostprocessing = 0;
		};
/* End PBXCopyFilesBuildPhase section */

/* Begin PBXFileReference section */
		F431B65C2B34003800FB8330 /* Learn by Doing.app */ = {isa = PBXFileReference; explicitFileType = wrapper.application; includeInIndex = 0; path = "Learn by Doing.app"; sourceTree = BUILT_PRODUCTS_DIR; };
		F431B65F2B34003800FB8330 /* Learn_by_DoingApp.swift */ = {isa = PBXFileReference; lastKnownFileType = sourcecode.swift; path = Learn_by_DoingApp.swift; sourceTree = "<group>"; };
		F431B6612B34003800FB8330 /* ContentView.swift */ = {isa = PBXFileReference; lastKnownFileType = sourcecode.swift; path = ContentView.swift; sourceTree = "<group>"; };
		F431B6632B34003A00FB8330 /* Assets.xcassets */ = {isa = PBXFileReference; lastKnownFileType = folder.assetcatalog; path = Assets.xcassets; sourceTree = "<group>"; };
		F431B6662B34003A00FB8330 /* Preview Assets.xcassets */ = {isa = PBXFileReference; lastKnownFileType = folder.assetcatalog; path = "Preview Assets.xcassets"; sourceTree = "<group>"; };
		F431B66D2B34025C00FB8330 /* Learn-by-Doing-Info.plist */ = {isa = PBXFileReference; lastKnownFileType = text.plist; path = "Learn-by-Doing-Info.plist"; sourceTree = SOURCE_ROOT; };
		F431B66F2B34038600FB8330 /* CardView.swift */ = {isa = PBXFileReference; lastKnownFileType = sourcecode.swift; path = CardView.swift; sourceTree = "<group>"; };
		F431B6722B34088000FB8330 /* CardModel.swift */ = {isa = PBXFileReference; lastKnownFileType = sourcecode.swift; path = CardModel.swift; sourceTree = "<group>"; };
		F431B6742B3408FD00FB8330 /* CardData.swift */ = {isa = PBXFileReference; lastKnownFileType = sourcecode.swift; path = CardData.swift; sourceTree = "<group>"; };
		F431B6782B340C1400FB8330 /* sound-chime.mp3 */ = {isa = PBXFileReference; lastKnownFileType = audio.mp3; path = "sound-chime.mp3"; sourceTree = "<group>"; };
		F431B67B2B340C3600FB8330 /* PlaySound.swift */ = {isa = PBXFileReference; lastKnownFileType = sourcecode.swift; path = PlaySound.swift; sourceTree = "<group>"; };
		F431B67F2B3410B400FB8330 /* stickers.appex */ = {isa = PBXFileReference; explicitFileType = "wrapper.app-extension"; includeInIndex = 0; path = stickers.appex; sourceTree = BUILT_PRODUCTS_DIR; };
		F431B6812B3410B600FB8330 /* Stickers.xcassets */ = {isa = PBXFileReference; lastKnownFileType = folder.assetcatalog; path = Stickers.xcassets; sourceTree = "<group>"; };
		F431B6832B3410B600FB8330 /* Info.plist */ = {isa = PBXFileReference; lastKnownFileType = text.plist.xml; path = Info.plist; sourceTree = "<group>"; };
/* End PBXFileReference section */

/* Begin PBXFrameworksBuildPhase section */
		F431B6592B34003800FB8330 /* Frameworks */ = {
			isa = PBXFrameworksBuildPhase;
			buildActionMask = 2147483647;
			files = (
			);
			runOnlyForDeploymentPostprocessing = 0;
		};
/* End PBXFrameworksBuildPhase section */

/* Begin PBXGroup section */
		F431B6532B34003800FB8330 = {
			isa = PBXGroup;
			children = (
				F431B65E2B34003800FB8330 /* Learn by Doing */,
				F431B6802B3410B400FB8330 /* stickers */,
				F431B65D2B34003800FB8330 /* Products */,
			);
			sourceTree = "<group>";
		};
		F431B65D2B34003800FB8330 /* Products */ = {
			isa = PBXGroup;
			children = (
				F431B65C2B34003800FB8330 /* Learn by Doing.app */,
				F431B67F2B3410B400FB8330 /* stickers.appex */,
			);
			name = Products;
			sourceTree = "<group>";
		};
		F431B65E2B34003800FB8330 /* Learn by Doing */ = {
			isa = PBXGroup;
			children = (
				F431B66D2B34025C00FB8330 /* Learn-by-Doing-Info.plist */,
				F431B65F2B34003800FB8330 /* Learn_by_DoingApp.swift */,
				F431B67A2B340C1E00FB8330 /* Utility */,
				F431B6772B340BF800FB8330 /* Sounds */,
				F431B6762B34090400FB8330 /* Data */,
				F431B6712B34086E00FB8330 /* Model */,
				F431B66E2B34037600FB8330 /* Views */,
				F431B6632B34003A00FB8330 /* Assets.xcassets */,
				F431B6652B34003A00FB8330 /* Preview Content */,
			);
			path = "Learn by Doing";
			sourceTree = "<group>";
		};
		F431B6652B34003A00FB8330 /* Preview Content */ = {
			isa = PBXGroup;
			children = (
				F431B6662B34003A00FB8330 /* Preview Assets.xcassets */,
			);
			path = "Preview Content";
			sourceTree = "<group>";
		};
		F431B66E2B34037600FB8330 /* Views */ = {
			isa = PBXGroup;
			children = (
				F431B6612B34003800FB8330 /* ContentView.swift */,
				F431B66F2B34038600FB8330 /* CardView.swift */,
			);
			path = Views;
			sourceTree = "<group>";
		};
		F431B6712B34086E00FB8330 /* Model */ = {
			isa = PBXGroup;
			children = (
				F431B6722B34088000FB8330 /* CardModel.swift */,
			);
			path = Model;
			sourceTree = "<group>";
		};
		F431B6762B34090400FB8330 /* Data */ = {
			isa = PBXGroup;
			children = (
				F431B6742B3408FD00FB8330 /* CardData.swift */,
			);
			path = Data;
			sourceTree = "<group>";
		};
		F431B6772B340BF800FB8330 /* Sounds */ = {
			isa = PBXGroup;
			children = (
				F431B6782B340C1400FB8330 /* sound-chime.mp3 */,
			);
			path = Sounds;
			sourceTree = "<group>";
		};
		F431B67A2B340C1E00FB8330 /* Utility */ = {
			isa = PBXGroup;
			children = (
				F431B67B2B340C3600FB8330 /* PlaySound.swift */,
			);
			path = Utility;
			sourceTree = "<group>";
		};
		F431B6802B3410B400FB8330 /* stickers */ = {
			isa = PBXGroup;
			children = (
				F431B6812B3410B600FB8330 /* Stickers.xcassets */,
				F431B6832B3410B600FB8330 /* Info.plist */,
			);
			path = stickers;
			sourceTree = "<group>";
		};
/* End PBXGroup section */

/* Begin PBXNativeTarget section */
		F431B65B2B34003800FB8330 /* Learn by Doing */ = {
			isa = PBXNativeTarget;
			buildConfigurationList = F431B66A2B34003A00FB8330 /* Build configuration list for PBXNativeTarget "Learn by Doing" */;
			buildPhases = (
				F431B6582B34003800FB8330 /* Sources */,
				F431B6592B34003800FB8330 /* Frameworks */,
				F431B65A2B34003800FB8330 /* Resources */,
				F431B68A2B3410B600FB8330 /* Embed Foundation Extensions */,
			);
			buildRules = (
			);
			dependencies = (
				F431B6852B3410B600FB8330 /* PBXTargetDependency */,
			);
			name = "Learn by Doing";
			productName = "Learn by Doing";
			productReference = F431B65C2B34003800FB8330 /* Learn by Doing.app */;
			productType = "com.apple.product-type.application";
		};
		F431B67E2B3410B400FB8330 /* stickers */ = {
			isa = PBXNativeTarget;
			buildConfigurationList = F431B6872B3410B600FB8330 /* Build configuration list for PBXNativeTarget "stickers" */;
			buildPhases = (
				F431B67D2B3410B400FB8330 /* Resources */,
			);
			buildRules = (
			);
			dependencies = (
			);
			name = stickers;
			productName = stickers;
			productReference = F431B67F2B3410B400FB8330 /* stickers.appex */;
			productType = "com.apple.product-type.app-extension.messages-sticker-pack";
		};
/* End PBXNativeTarget section */

/* Begin PBXProject section */
		F431B6542B34003800FB8330 /* Project object */ = {
			isa = PBXProject;
			attributes = {
				BuildIndependentTargetsInParallel = 1;
				LastSwiftUpdateCheck = 1510;
				LastUpgradeCheck = 1510;
				TargetAttributes = {
					F431B65B2B34003800FB8330 = {
						CreatedOnToolsVersion = 15.1;
					};
					F431B67E2B3410B400FB8330 = {
						CreatedOnToolsVersion = 15.1;
					};
				};
			};
			buildConfigurationList = F431B6572B34003800FB8330 /* Build configuration list for PBXProject "Learn by Doing" */;
			compatibilityVersion = "Xcode 14.0";
			developmentRegion = en;
			hasScannedForEncodings = 0;
			knownRegions = (
				en,
				Base,
			);
			mainGroup = F431B6532B34003800FB8330;
			productRefGroup = F431B65D2B34003800FB8330 /* Products */;
			projectDirPath = "";
			projectRoot = "";
			targets = (
				F431B65B2B34003800FB8330 /* Learn by Doing */,
				F431B67E2B3410B400FB8330 /* stickers */,
			);
		};
/* End PBXProject section */

/* Begin PBXResourcesBuildPhase section */
		F431B65A2B34003800FB8330 /* Resources */ = {
			isa = PBXResourcesBuildPhase;
			buildActionMask = 2147483647;
			files = (
				F431B6672B34003A00FB8330 /* Preview Assets.xcassets in Resources */,
				F431B6792B340C1400FB8330 /* sound-chime.mp3 in Resources */,
				F431B6642B34003A00FB8330 /* Assets.xcassets in Resources */,
			);
			runOnlyForDeploymentPostprocessing = 0;
		};
		F431B67D2B3410B400FB8330 /* Resources */ = {
			isa = PBXResourcesBuildPhase;
			buildActionMask = 2147483647;
			files = (
				F431B6822B3410B600FB8330 /* Stickers.xcassets in Resources */,
			);
			runOnlyForDeploymentPostprocessing = 0;
		};
/* End PBXResourcesBuildPhase section */

/* Begin PBXSourcesBuildPhase section */
		F431B6582B34003800FB8330 /* Sources */ = {
			isa = PBXSourcesBuildPhase;
			buildActionMask = 2147483647;
			files = (
				F431B6752B3408FD00FB8330 /* CardData.swift in Sources */,
				F431B67C2B340C3600FB8330 /* PlaySound.swift in Sources */,
				F431B6622B34003800FB8330 /* ContentView.swift in Sources */,
				F431B6732B34088000FB8330 /* CardModel.swift in Sources */,
				F431B6702B34038600FB8330 /* CardView.swift in Sources */,
				F431B6602B34003800FB8330 /* Learn_by_DoingApp.swift in Sources */,
			);
			runOnlyForDeploymentPostprocessing = 0;
		};
/* End PBXSourcesBuildPhase section */

/* Begin PBXTargetDependency section */
		F431B6852B3410B600FB8330 /* PBXTargetDependency */ = {
			isa = PBXTargetDependency;
			target = F431B67E2B3410B400FB8330 /* stickers */;
			targetProxy = F431B6842B3410B600FB8330 /* PBXContainerItemProxy */;
		};
/* End PBXTargetDependency section */

/* Begin XCBuildConfiguration section */
		F431B6682B34003A00FB8330 /* Debug */ = {
			isa = XCBuildConfiguration;
			buildSettings = {
				ALWAYS_SEARCH_USER_PATHS = NO;
				ASSETCATALOG_COMPILER_GENERATE_SWIFT_ASSET_SYMBOL_EXTENSIONS = YES;
				CLANG_ANALYZER_NONNULL = YES;
				CLANG_ANALYZER_NUMBER_OBJECT_CONVERSION = YES_AGGRESSIVE;
				CLANG_CXX_LANGUAGE_STANDARD = "gnu++20";
				CLANG_ENABLE_MODULES = YES;
				CLANG_ENABLE_OBJC_ARC = YES;
				CLANG_ENABLE_OBJC_WEAK = YES;
				CLANG_WARN_BLOCK_CAPTURE_AUTORELEASING = YES;
				CLANG_WARN_BOOL_CONVERSION = YES;
				CLANG_WARN_COMMA = YES;
				CLANG_WARN_CONSTANT_CONVERSION = YES;
				CLANG_WARN_DEPRECATED_OBJC_IMPLEMENTATIONS = YES;
				CLANG_WARN_DIRECT_OBJC_ISA_USAGE = YES_ERROR;
				CLANG_WARN_DOCUMENTATION_COMMENTS = YES;
				CLANG_WARN_EMPTY_BODY = YES;
				CLANG_WARN_ENUM_CONVERSION = YES;
				CLANG_WARN_INFINITE_RECURSION = YES;
				CLANG_WARN_INT_CONVERSION = YES;
				CLANG_WARN_NON_LITERAL_NULL_CONVERSION = YES;
				CLANG_WARN_OBJC_IMPLICIT_RETAIN_SELF = YES;
				CLANG_WARN_OBJC_LITERAL_CONVERSION = YES;
				CLANG_WARN_OBJC_ROOT_CLASS = YES_ERROR;
				CLANG_WARN_QUOTED_INCLUDE_IN_FRAMEWORK_HEADER = YES;
				CLANG_WARN_RANGE_LOOP_ANALYSIS = YES;
				CLANG_WARN_STRICT_PROTOTYPES = YES;
				CLANG_WARN_SUSPICIOUS_MOVE = YES;
				CLANG_WARN_UNGUARDED_AVAILABILITY = YES_AGGRESSIVE;
				CLANG_WARN_UNREACHABLE_CODE = YES;
				CLANG_WARN__DUPLICATE_METHOD_MATCH = YES;
				COPY_PHASE_STRIP = NO;
				DEBUG_INFORMATION_FORMAT = dwarf;
				ENABLE_STRICT_OBJC_MSGSEND = YES;
				ENABLE_TESTABILITY = YES;
				ENABLE_USER_SCRIPT_SANDBOXING = YES;
				GCC_C_LANGUAGE_STANDARD = gnu17;
				GCC_DYNAMIC_NO_PIC = NO;
				GCC_NO_COMMON_BLOCKS = YES;
				GCC_OPTIMIZATION_LEVEL = 0;
				GCC_PREPROCESSOR_DEFINITIONS = (
					"DEBUG=1",
					"$(inherited)",
				);
				GCC_WARN_64_TO_32_BIT_CONVERSION = YES;
				GCC_WARN_ABOUT_RETURN_TYPE = YES_ERROR;
				GCC_WARN_UNDECLARED_SELECTOR = YES;
				GCC_WARN_UNINITIALIZED_AUTOS = YES_AGGRESSIVE;
				GCC_WARN_UNUSED_FUNCTION = YES;
				GCC_WARN_UNUSED_VARIABLE = YES;
				IPHONEOS_DEPLOYMENT_TARGET = 17.2;
				LOCALIZATION_PREFERS_STRING_CATALOGS = YES;
				MTL_ENABLE_DEBUG_INFO = INCLUDE_SOURCE;
				MTL_FAST_MATH = YES;
				ONLY_ACTIVE_ARCH = YES;
				SDKROOT = iphoneos;
				SWIFT_ACTIVE_COMPILATION_CONDITIONS = "DEBUG $(inherited)";
				SWIFT_OPTIMIZATION_LEVEL = "-Onone";
			};
			name = Debug;
		};
		F431B6692B34003A00FB8330 /* Release */ = {
			isa = XCBuildConfiguration;
			buildSettings = {
				ALWAYS_SEARCH_USER_PATHS = NO;
				ASSETCATALOG_COMPILER_GENERATE_SWIFT_ASSET_SYMBOL_EXTENSIONS = YES;
				CLANG_ANALYZER_NONNULL = YES;
				CLANG_ANALYZER_NUMBER_OBJECT_CONVERSION = YES_AGGRESSIVE;
				CLANG_CXX_LANGUAGE_STANDARD = "gnu++20";
				CLANG_ENABLE_MODULES = YES;
				CLANG_ENABLE_OBJC_ARC = YES;
				CLANG_ENABLE_OBJC_WEAK = YES;
				CLANG_WARN_BLOCK_CAPTURE_AUTORELEASING = YES;
				CLANG_WARN_BOOL_CONVERSION = YES;
				CLANG_WARN_COMMA = YES;
				CLANG_WARN_CONSTANT_CONVERSION = YES;
				CLANG_WARN_DEPRECATED_OBJC_IMPLEMENTATIONS = YES;
				CLANG_WARN_DIRECT_OBJC_ISA_USAGE = YES_ERROR;
				CLANG_WARN_DOCUMENTATION_COMMENTS = YES;
				CLANG_WARN_EMPTY_BODY = YES;
				CLANG_WARN_ENUM_CONVERSION = YES;
				CLANG_WARN_INFINITE_RECURSION = YES;
				CLANG_WARN_INT_CONVERSION = YES;
				CLANG_WARN_NON_LITERAL_NULL_CONVERSION = YES;
				CLANG_WARN_OBJC_IMPLICIT_RETAIN_SELF = YES;
				CLANG_WARN_OBJC_LITERAL_CONVERSION = YES;
				CLANG_WARN_OBJC_ROOT_CLASS = YES_ERROR;
				CLANG_WARN_QUOTED_INCLUDE_IN_FRAMEWORK_HEADER = YES;
				CLANG_WARN_RANGE_LOOP_ANALYSIS = YES;
				CLANG_WARN_STRICT_PROTOTYPES = YES;
				CLANG_WARN_SUSPICIOUS_MOVE = YES;
				CLANG_WARN_UNGUARDED_AVAILABILITY = YES_AGGRESSIVE;
				CLANG_WARN_UNREACHABLE_CODE = YES;
				CLANG_WARN__DUPLICATE_METHOD_MATCH = YES;
				COPY_PHASE_STRIP = NO;
				DEBUG_INFORMATION_FORMAT = "dwarf-with-dsym";
				ENABLE_NS_ASSERTIONS = NO;
				ENABLE_STRICT_OBJC_MSGSEND = YES;
				ENABLE_USER_SCRIPT_SANDBOXING = YES;
				GCC_C_LANGUAGE_STANDARD = gnu17;
				GCC_NO_COMMON_BLOCKS = YES;
				GCC_WARN_64_TO_32_BIT_CONVERSION = YES;
				GCC_WARN_ABOUT_RETURN_TYPE = YES_ERROR;
				GCC_WARN_UNDECLARED_SELECTOR = YES;
				GCC_WARN_UNINITIALIZED_AUTOS = YES_AGGRESSIVE;
				GCC_WARN_UNUSED_FUNCTION = YES;
				GCC_WARN_UNUSED_VARIABLE = YES;
				IPHONEOS_DEPLOYMENT_TARGET = 17.2;
				LOCALIZATION_PREFERS_STRING_CATALOGS = YES;
				MTL_ENABLE_DEBUG_INFO = NO;
				MTL_FAST_MATH = YES;
				SDKROOT = iphoneos;
				SWIFT_COMPILATION_MODE = wholemodule;
				VALIDATE_PRODUCT = YES;
			};
			name = Release;
		};
		F431B66B2B34003A00FB8330 /* Debug */ = {
			isa = XCBuildConfiguration;
			buildSettings = {
				ASSETCATALOG_COMPILER_APPICON_NAME = AppIcon;
				ASSETCATALOG_COMPILER_GLOBAL_ACCENT_COLOR_NAME = AccentColor;
				CODE_SIGN_STYLE = Automatic;
				CURRENT_PROJECT_VERSION = 1;
				DEVELOPMENT_ASSET_PATHS = "\"Learn by Doing/Preview Content\"";
				ENABLE_PREVIEWS = YES;
				GENERATE_INFOPLIST_FILE = YES;
				INFOPLIST_FILE = "Learn-by-Doing-Info.plist";
				INFOPLIST_KEY_UIApplicationSceneManifest_Generation = YES;
				INFOPLIST_KEY_UIApplicationSupportsIndirectInputEvents = YES;
				INFOPLIST_KEY_UISupportedInterfaceOrientations_iPad = "UIInterfaceOrientationPortrait UIInterfaceOrientationPortraitUpsideDown UIInterfaceOrientationLandscapeLeft UIInterfaceOrientationLandscapeRight";
				INFOPLIST_KEY_UISupportedInterfaceOrientations_iPhone = "UIInterfaceOrientationPortrait UIInterfaceOrientationLandscapeLeft UIInterfaceOrientationLandscapeRight";
				LD_RUNPATH_SEARCH_PATHS = (
					"$(inherited)",
					"@executable_path/Frameworks",
				);
				MARKETING_VERSION = 1.0;
				PRODUCT_BUNDLE_IDENTIFIER = "com.yourcompany.demo.Shivam-PT.Learn-by-Doing";
				PRODUCT_NAME = "$(TARGET_NAME)";
				SWIFT_EMIT_LOC_STRINGS = YES;
				SWIFT_VERSION = 5.0;
				TARGETED_DEVICE_FAMILY = "1,2";
			};
			name = Debug;
		};
		F431B66C2B34003A00FB8330 /* Release */ = {
			isa = XCBuildConfiguration;
			buildSettings = {
				ASSETCATALOG_COMPILER_APPICON_NAME = AppIcon;
				ASSETCATALOG_COMPILER_GLOBAL_ACCENT_COLOR_NAME = AccentColor;
				CODE_SIGN_STYLE = Automatic;
				CURRENT_PROJECT_VERSION = 1;
				DEVELOPMENT_ASSET_PATHS = "\"Learn by Doing/Preview Content\"";
				ENABLE_PREVIEWS = YES;
				GENERATE_INFOPLIST_FILE = YES;
				INFOPLIST_FILE = "Learn-by-Doing-Info.plist";
				INFOPLIST_KEY_UIApplicationSceneManifest_Generation = YES;
				INFOPLIST_KEY_UIApplicationSupportsIndirectInputEvents = YES;
				INFOPLIST_KEY_UISupportedInterfaceOrientations_iPad = "UIInterfaceOrientationPortrait UIInterfaceOrientationPortraitUpsideDown UIInterfaceOrientationLandscapeLeft UIInterfaceOrientationLandscapeRight";
				INFOPLIST_KEY_UISupportedInterfaceOrientations_iPhone = "UIInterfaceOrientationPortrait UIInterfaceOrientationLandscapeLeft UIInterfaceOrientationLandscapeRight";
				LD_RUNPATH_SEARCH_PATHS = (
					"$(inherited)",
					"@executable_path/Frameworks",
				);
				MARKETING_VERSION = 1.0;
				PRODUCT_BUNDLE_IDENTIFIER = "com.yourcompany.demo.Shivam-PT.Learn-by-Doing";
				PRODUCT_NAME = "$(TARGET_NAME)";
				SWIFT_EMIT_LOC_STRINGS = YES;
				SWIFT_VERSION = 5.0;
				TARGETED_DEVICE_FAMILY = "1,2";
			};
			name = Release;
		};
		F431B6882B3410B600FB8330 /* Debug */ = {
			isa = XCBuildConfiguration;
			buildSettings = {
				ASSETCATALOG_COMPILER_APPICON_NAME = "iMessage App Icon";
				CODE_SIGN_STYLE = Automatic;
				CURRENT_PROJECT_VERSION = 1;
				DEVELOPMENT_TEAM = 24JAY663M3;
				GENERATE_INFOPLIST_FILE = YES;
				INFOPLIST_FILE = stickers/Info.plist;
				INFOPLIST_KEY_NSStickerSharingLevel = OS;
				MARKETING_VERSION = 1.0;
				PRODUCT_BUNDLE_IDENTIFIER = "com.yourcompany.demo.Shivam-PT.Learn-by-Doing.stickers";
				PRODUCT_NAME = "$(TARGET_NAME)";
				SKIP_INSTALL = YES;
				SWIFT_EMIT_LOC_STRINGS = YES;
				TARGETED_DEVICE_FAMILY = "1,2";
			};
			name = Debug;
		};
		F431B6892B3410B600FB8330 /* Release */ = {
			isa = XCBuildConfiguration;
			buildSettings = {
				ASSETCATALOG_COMPILER_APPICON_NAME = "iMessage App Icon";
				CODE_SIGN_STYLE = Automatic;
				CURRENT_PROJECT_VERSION = 1;
				DEVELOPMENT_TEAM = 24JAY663M3;
				GENERATE_INFOPLIST_FILE = YES;
				INFOPLIST_FILE = stickers/Info.plist;
				INFOPLIST_KEY_NSStickerSharingLevel = OS;
				MARKETING_VERSION = 1.0;
				PRODUCT_BUNDLE_IDENTIFIER = "com.yourcompany.demo.Shivam-PT.Learn-by-Doing.stickers";
				PRODUCT_NAME = "$(TARGET_NAME)";
				SKIP_INSTALL = YES;
				SWIFT_EMIT_LOC_STRINGS = YES;
				TARGETED_DEVICE_FAMILY = "1,2";
			};
			name = Release;
		};
/* End XCBuildConfiguration section */

/* Begin XCConfigurationList section */
		F431B6572B34003800FB8330 /* Build configuration list for PBXProject "Learn by Doing" */ = {
			isa = XCConfigurationList;
			buildConfigurations = (
				F431B6682B34003A00FB8330 /* Debug */,
				F431B6692B34003A00FB8330 /* Release */,
			);
			defaultConfigurationIsVisible = 0;
			defaultConfigurationName = Release;
		};
		F431B66A2B34003A00FB8330 /* Build configuration list for PBXNativeTarget "Learn by Doing" */ = {
			isa = XCConfigurationList;
			buildConfigurations = (
				F431B66B2B34003A00FB8330 /* Debug */,
				F431B66C2B34003A00FB8330 /* Release */,
			);
			defaultConfigurationIsVisible = 0;
			defaultConfigurationName = Release;
		};
		F431B6872B3410B600FB8330 /* Build configuration list for PBXNativeTarget "stickers" */ = {
			isa = XCConfigurationList;
			buildConfigurations = (
				F431B6882B3410B600FB8330 /* Debug */,
				F431B6892B3410B600FB8330 /* Release */,
			);
			defaultConfigurationIsVisible = 0;
			defaultConfigurationName = Release;
		};
/* End XCConfigurationList section */
	};
	rootObject = F431B6542B34003800FB8330 /* Project object */;
}
